
Microsoft Visual Studio Solution File, Format Version 12.00
# Visual Studio Version 17
VisualStudioVersion = 17.0.31903.59
MinimumVisualStudioVersion = 10.0.40219.1
Project("{FAE04EC0-301F-11D3-BF4B-00C04F79EFBC}") = "API", "API\API.csproj", "{615DF63C-6C8D-429E-AC82-C5CD562D182F}"
EndProject
Project("{FAE04EC0-301F-11D3-BF4B-00C04F79EFBC}") = "Application", "Application\Application.csproj", "{39509FB7-A92D-4512-893E-891BBF4D786D}"
EndProject
Project("{FAE04EC0-301F-11D3-BF4B-00C04F79EFBC}") = "Domain", "Domain\Domain.csproj", "{0A5B24FB-EC37-456A-9FC0-CFE7FB6A13CC}"
EndProject
Project("{FAE04EC0-301F-11D3-BF4B-00C04F79EFBC}") = "Persistence", "Persistence\Persistence.csproj", "{F511C47B-F37C-4262-A1F6-2D7E4D6F30D7}"
EndProject
Project("{FAE04EC0-301F-11D3-BF4B-00C04F79EFBC}") = "Infrastructure", "Infrastructure\Infrastructure.csproj", "{F55881DB-4FF1-4018-9F92-853B1E5ABC61}"
EndProject
Global
	GlobalSection(SolutionConfigurationPlatforms) = preSolution
		Debug|Any CPU = Debug|Any CPU
		Release|Any CPU = Release|Any CPU
	EndGlobalSection
	GlobalSection(SolutionProperties) = preSolution
		HideSolutionNode = FALSE
	EndGlobalSection
	GlobalSection(ProjectConfigurationPlatforms) = postSolution
		{615DF63C-6C8D-429E-AC82-C5CD562D182F}.Debug|Any CPU.ActiveCfg = Debug|Any CPU
		{615DF63C-6C8D-429E-AC82-C5CD562D182F}.Debug|Any CPU.Build.0 = Debug|Any CPU
		{615DF63C-6C8D-429E-AC82-C5CD562D182F}.Release|Any CPU.ActiveCfg = Release|Any CPU
		{615DF63C-6C8D-429E-AC82-C5CD562D182F}.Release|Any CPU.Build.0 = Release|Any CPU
		{39509FB7-A92D-4512-893E-891BBF4D786D}.Debug|Any CPU.ActiveCfg = Debug|Any CPU
		{39509FB7-A92D-4512-893E-891BBF4D786D}.Debug|Any CPU.Build.0 = Debug|Any CPU
		{39509FB7-A92D-4512-893E-891BBF4D786D}.Release|Any CPU.ActiveCfg = Release|Any CPU
		{39509FB7-A92D-4512-893E-891BBF4D786D}.Release|Any CPU.Build.0 = Release|Any CPU
		{0A5B24FB-EC37-456A-9FC0-CFE7FB6A13CC}.Debug|Any CPU.ActiveCfg = Debug|Any CPU
		{0A5B24FB-EC37-456A-9FC0-CFE7FB6A13CC}.Debug|Any CPU.Build.0 = Debug|Any CPU
		{0A5B24FB-EC37-456A-9FC0-CFE7FB6A13CC}.Release|Any CPU.ActiveCfg = Release|Any CPU
		{0A5B24FB-EC37-456A-9FC0-CFE7FB6A13CC}.Release|Any CPU.Build.0 = Release|Any CPU
		{F511C47B-F37C-4262-A1F6-2D7E4D6F30D7}.Debug|Any CPU.ActiveCfg = Debug|Any CPU
		{F511C47B-F37C-4262-A1F6-2D7E4D6F30D7}.Debug|Any CPU.Build.0 = Debug|Any CPU
		{F511C47B-F37C-4262-A1F6-2D7E4D6F30D7}.Release|Any CPU.ActiveCfg = Release|Any CPU
		{F511C47B-F37C-4262-A1F6-2D7E4D6F30D7}.Release|Any CPU.Build.0 = Release|Any CPU
		{F55881DB-4FF1-4018-9F92-853B1E5ABC61}.Debug|Any CPU.ActiveCfg = Debug|Any CPU
		{F55881DB-4FF1-4018-9F92-853B1E5ABC61}.Debug|Any CPU.Build.0 = Debug|Any CPU
		{F55881DB-4FF1-4018-9F92-853B1E5ABC61}.Release|Any CPU.ActiveCfg = Release|Any CPU
		{F55881DB-4FF1-4018-9F92-853B1E5ABC61}.Release|Any CPU.Build.0 = Release|Any CPU
	EndGlobalSection
EndGlobal
